
Microsoft Visual Studio Solution File, Format Version 12.00
# Visual Studio Version 16
VisualStudioVersion = 16.0.32106.194
MinimumVisualStudioVersion = 10.0.40219.1
Project("{FAE04EC0-301F-11D3-BF4B-00C04F79EFBC}") = "Numberlink_Puzzle_Game", "Numberlink_Puzzle_Game\Numberlink_Puzzle_Game.csproj", "{94BB1CC4-C569-4F87-BDD5-AE0C5BBB3AF3}"
EndProject
Global
	GlobalSection(SolutionConfigurationPlatforms) = preSolution
		Debug|Any CPU = Debug|Any CPU
		Release|Any CPU = Release|Any CPU
	EndGlobalSection
	GlobalSection(ProjectConfigurationPlatforms) = postSolution
		{94BB1CC4-C569-4F87-BDD5-AE0C5BBB3AF3}.Debug|Any CPU.ActiveCfg = Debug|Any CPU
		{94BB1CC4-C569-4F87-BDD5-AE0C5BBB3AF3}.Debug|Any CPU.Build.0 = Debug|Any CPU
		{94BB1CC4-C569-4F87-BDD5-AE0C5BBB3AF3}.Release|Any CPU.ActiveCfg = Release|Any CPU
		{94BB1CC4-C569-4F87-BDD5-AE0C5BBB3AF3}.Release|Any CPU.Build.0 = Release|Any CPU
	EndGlobalSection
	GlobalSection(SolutionProperties) = preSolution
		HideSolutionNode = FALSE
	EndGlobalSection
	GlobalSection(ExtensibilityGlobals) = postSolution
		SolutionGuid = {ED47C86E-A1F7-45B6-9F9D-C92F3284621E}
	EndGlobalSection
EndGlobal
